
Microsoft Visual Studio Solution File, Format Version 12.00
# Visual Studio Version 17
VisualStudioVersion = 17.5.002.0
MinimumVisualStudioVersion = 10.0.40219.1
Project("{9A19103F-16F7-4668-BE54-9A1E7A4F7556}") = "DLinq", "DLinq.csproj", "{269E8506-59AF-41A2-8E57-2BBF22158E06}"
EndProject
Global
	GlobalSection(SolutionConfigurationPlatforms) = preSolution
		Debug|Any CPU = Debug|Any CPU
		Release|Any CPU = Release|Any CPU
	EndGlobalSection
	GlobalSection(ProjectConfigurationPlatforms) = postSolution
		{269E8506-59AF-41A2-8E57-2BBF22158E06}.Debug|Any CPU.ActiveCfg = Debug|Any CPU
		{269E8506-59AF-41A2-8E57-2BBF22158E06}.Debug|Any CPU.Build.0 = Debug|Any CPU
		{269E8506-59AF-41A2-8E57-2BBF22158E06}.Release|Any CPU.ActiveCfg = Release|Any CPU
		{269E8506-59AF-41A2-8E57-2BBF22158E06}.Release|Any CPU.Build.0 = Release|Any CPU
	EndGlobalSection
	GlobalSection(SolutionProperties) = preSolution
		HideSolutionNode = FALSE
	EndGlobalSection
	GlobalSection(ExtensibilityGlobals) = postSolution
		SolutionGuid = {0E897E52-ED46-4A40-BD96-45A9E088EAD6}
	EndGlobalSection
EndGlobal
